{
  "lockfile_version": "1",
  "packages": {
    "go@1.21.7": {
      "last_modified": "2024-02-24T23:06:34Z",
      "resolved": "github:NixOS/nixpkgs/9a9dae8f6319600fa9aebde37f340975cab4b8c0#go",
      "source": "devbox-search",
      "version": "1.21.7",
      "systems": {
        "aarch64-darwin": {
          "store_path": "/nix/store/b9wbj651hcyfm63kkcxykpjcqc0qqwp5-go-1.21.7"
        },
        "aarch64-linux": {
          "store_path": "/nix/store/r8gvxn6djlxgdizvvqsv5s8c0w7jymm0-go-1.21.7"
        },
        "x86_64-darwin": {
          "store_path": "/nix/store/xn1y52gr1h6azb1qcj33vznc0rrpa4xa-go-1.21.7"
        },
        "x86_64-linux": {
          "store_path": "/nix/store/hkzgcfj86jzzpayghzvy09xpvjg4xmac-go-1.21.7"
        }
      }
    },
    "gopls@latest": {
      "last_modified": "2024-02-29T18:14:35Z",
      "resolved": "github:NixOS/nixpkgs/b5f6e3881acf8ca8a35b8cdb8d4021e5bd469a4e#gopls",
      "source": "devbox-search",
      "version": "0.15.1",
      "systems": {
        "aarch64-darwin": {
          "store_path": "/nix/store/5rm9fvahy3xgb4q42rhf6dsggp4r442b-gopls-0.15.1"
        },
        "aarch64-linux": {
          "store_path": "/nix/store/8rryibahn2i86zb9846j954r3dasyz7c-gopls-0.15.1"
        },
        "x86_64-darwin": {
          "store_path": "/nix/store/gd5yy3xfjhz4lgf7vw01mzzjp5qb5355-gopls-0.15.1"
        },
        "x86_64-linux": {
          "store_path": "/nix/store/sa9fczlr6rcip8inlb9z6l3hd2hy9gs2-gopls-0.15.1"
        }
      }
    }
  }
}
